# THIS IS AN AUTOGENERATED FILE. DO NOT EDIT THIS FILE DIRECTLY.
# yarn lockfile v1


"@ledgerhq/devices@^5.9.0":
  version "5.9.0"
  resolved "https://registry.yarnpkg.com/@ledgerhq/devices/-/devices-5.9.0.tgz#f0fc230f0f9ad9eb39bbedf9b0a40900bdd6fe6b"
  integrity sha512-32XLjfzikim/a1GeSjhi1yazV4vLPzDQ08p6IjRE/XIJN1wNMVp8oDaKdLZJG2PrQucBu2zoPJwdHu3flrHyow==
  dependencies:
    "@ledgerhq/errors" "^5.9.0"
    "@ledgerhq/logs" "^5.9.0"
    rxjs "^6.5.4"

"@ledgerhq/errors@^5.9.0":
  version "5.9.0"
  resolved "https://registry.yarnpkg.com/@ledgerhq/errors/-/errors-5.9.0.tgz#ff6c7a5f733b5857dc93145e9cca3916e62d9e9c"
  integrity sha512-KqPcEezSeuLtc+T0gKKx9l+DndsIHp9qt9GtDDfGMkSNRE2z3vt8MzoWcA7QXGJYfYDzPICeMzk/CB+Lv0LgCA==

"@ledgerhq/hw-transport@^5.9.0":
  version "5.9.0"
  resolved "https://registry.yarnpkg.com/@ledgerhq/hw-transport/-/hw-transport-5.9.0.tgz#580ab765774e10e40a1bb2c3402117b45da34011"
  integrity sha512-zeUVV5TNQGsL6df+h7Bk1orjBmlPP4V/rSlQ2DDdHtK3UFiHrzuah8g4B7ldQh17iqzbN992rdbgXO386N5j2w==
  dependencies:
    "@ledgerhq/devices" "^5.9.0"
    "@ledgerhq/errors" "^5.9.0"
    events "^3.1.0"

"@ledgerhq/logs@^5.9.0":
  version "5.9.0"
  resolved "https://registry.yarnpkg.com/@ledgerhq/logs/-/logs-5.9.0.tgz#63ecc770748f198a1e9f5d6e227545510721cfa2"
  integrity sha512-ZOselB67bTgdUpqKpXjAEO1ioaYXm+/ST81W3YvmZDLaGrhboQSs7kth/wpv3cAgV+pcA3bdebZUN9i6YRMp0w==

"@types/ledgerhq__hw-transport@^4.21.2":
  version "4.21.2"
  resolved "https://registry.yarnpkg.com/@types/ledgerhq__hw-transport/-/ledgerhq__hw-transport-4.21.2.tgz#92eaea9e4669df2c8ec5292b694097d1629b05c1"
  integrity sha512-NhJwkdxdsqj/ZTq9KuBYtN+rDYOVYrlR3ByYNfK78iUOIlmXcXFBtfkhBUpX8c7dbE5uJZOjDdM3EC7Kf3Fakg==
  dependencies:
    "@types/node" "*"

"@types/node@*":
  version "13.9.0"
  resolved "https://registry.yarnpkg.com/@types/node/-/node-13.9.0.tgz#5b6ee7a77faacddd7de719017d0bc12f52f81589"
  integrity sha512-0ARSQootUG1RljH2HncpsY2TJBfGQIKOOi7kxzUY6z54ePu/ZD+wJA8zI2Q6v8rol2qpG/rvqsReco8zNMPvhQ==

base32.js@^0.1.0:
  version "0.1.0"
  resolved "https://registry.yarnpkg.com/base32.js/-/base32.js-0.1.0.tgz#b582dec693c2f11e893cf064ee6ac5b6131a2202"
  integrity sha1-tYLexpPC8R6JPPBk7mrFthMaIgI=

blakejs@^1.1.0:
  version "1.1.0"
  resolved "https://registry.yarnpkg.com/blakejs/-/blakejs-1.1.0.tgz#69df92ef953aa88ca51a32df6ab1c54a155fc7a5"
  integrity sha1-ad+S75U6qIylGjLfarHFShVfx6U=

events@^3.1.0:
  version "3.1.0"
  resolved "https://registry.yarnpkg.com/events/-/events-3.1.0.tgz#84279af1b34cb75aa88bf5ff291f6d0bd9b31a59"
  integrity sha512-Rv+u8MLHNOdMjTAFeT3nCjHn2aGlx435FP/sDHNaRhDEMwyI/aB22Kj2qIN8R0cw3z28psEQLYwxVKLsKrMgWg==

rxjs@^6.5.4:
  version "6.5.4"
  resolved "https://registry.yarnpkg.com/rxjs/-/rxjs-6.5.4.tgz#e0777fe0d184cec7872df147f303572d414e211c"
  integrity sha512-naMQXcgEo3csAEGvw/NydRA0fuS2nDZJiw1YUWFKU7aPPAPGZEsD4Iimit96qwCieH6y614MCLYwdkrWx7z/7Q==
  dependencies:
    tslib "^1.9.0"

tslib@^1.9.0:
  version "1.11.1"
  resolved "https://registry.yarnpkg.com/tslib/-/tslib-1.11.1.tgz#eb15d128827fbee2841549e171f45ed338ac7e35"
  integrity sha512-aZW88SY8kQbU7gpV19lN24LtXh/yD4ZZg6qieAJDDg+YBsJcSmLGK9QpnUjAKVG/xefmvJGd1WUmfpT/g6AJGA==

tweetnacl@^1.0.3:
  version "1.0.3"
  resolved "https://registry.yarnpkg.com/tweetnacl/-/tweetnacl-1.0.3.tgz#ac0af71680458d8a6378d0d0d050ab1407d35596"
  integrity sha512-6rt+RN7aOi1nGMyC4Xa5DdYiukl2UWCbcJft7YhxReBGQD7OAM8Pbxw6YMo4r2diNEA8FEmu32YOn9rhaiE5yw==

typescript@^3.8.3:
  version "3.8.3"
  resolved "https://registry.yarnpkg.com/typescript/-/typescript-3.8.3.tgz#409eb8544ea0335711205869ec458ab109ee1061"
  integrity sha512-MYlEfn5VrLNsgudQTVJeNaQFUAI7DkhnOjdpAp4T+ku1TfQClewlbSuTVHiA+8skNBgaf02TL/kLOvig4y3G8w==
